
Microsoft Visual Studio Solution File, Format Version 12.00
# Visual Studio Version 17
VisualStudioVersion = 17.0.31919.166
MinimumVisualStudioVersion = 10.0.40219.1
Project("{2150E333-8FDC-42A3-9474-1A3956D46DE8}") = "1 - Api", "1 - Api", "{9BD0B701-8938-47B7-9310-410F72171C27}"
EndProject
Project("{9A19103F-16F7-4668-BE54-9A1E7A4F7556}") = "ShareBook.Api", "ShareBook.Api\ShareBook.Api.csproj", "{384DB7AC-4918-4ABD-9C12-5F673FFB200D}"
EndProject
Project("{2150E333-8FDC-42A3-9474-1A3956D46DE8}") = "2 - Service", "2 - Service", "{D9F59369-1816-4FAE-B71F-637741B12872}"
EndProject
Project("{9A19103F-16F7-4668-BE54-9A1E7A4F7556}") = "ShareBook.Service", "ShareBook.Service\ShareBook.Service.csproj", "{808B5265-CBA4-4A6F-84B4-78833C9C6418}"
EndProject
Project("{2150E333-8FDC-42A3-9474-1A3956D46DE8}") = "4 - Infra", "4 - Infra", "{F4693E98-387E-4804-A818-FEC59FEDD41C}"
EndProject
Project("{2150E333-8FDC-42A3-9474-1A3956D46DE8}") = "3 - Helper", "3 - Helper", "{2CB49962-4574-4BFD-93FC-9C8B1D409D37}"
EndProject
Project("{9A19103F-16F7-4668-BE54-9A1E7A4F7556}") = "ShareBook.Helper", "ShareBook.Helper\ShareBook.Helper.csproj", "{D35C529A-4E05-4ED4-ACA9-97BD57AFCF2D}"
EndProject
Project("{2150E333-8FDC-42A3-9474-1A3956D46DE8}") = "5 - Tests", "5 - Tests", "{4DC3351F-0B20-4D5E-8727-3730DF7A9B88}"
EndProject
Project("{9A19103F-16F7-4668-BE54-9A1E7A4F7556}") = "ShareBook.Test.Unit", "ShareBook.Test.Unit\ShareBook.Test.Unit.csproj", "{B3EB0A49-B7AE-4A6B-9986-A6A9F5776174}"
EndProject
Project("{2150E333-8FDC-42A3-9474-1A3956D46DE8}") = "00 - Domain", "00 - Domain", "{78A450D9-55B2-4D2A-8B3F-CE72C0279B19}"
EndProject
Project("{9A19103F-16F7-4668-BE54-9A1E7A4F7556}") = "ShareBook.Domain", "ShareBook.Domain\ShareBook.Domain.csproj", "{C05FCFDC-AC50-4941-8195-3283A862A78D}"
EndProject
Project("{9A19103F-16F7-4668-BE54-9A1E7A4F7556}") = "ShareBook.Infra.CrossCutting.Identity", "ShareBook.Infra.CrossCutting.Identity\ShareBook.Infra.CrossCutting.Identity.csproj", "{F51F1D75-DC21-4B49-AE98-8E1292311D2B}"
EndProject
Project("{2150E333-8FDC-42A3-9474-1A3956D46DE8}") = "6 - Jobs", "6 - Jobs", "{CC695E9A-927F-4BCA-B43F-1DD488258B6D}"
EndProject
Project("{9A19103F-16F7-4668-BE54-9A1E7A4F7556}") = "Sharebook.Jobs", "Sharebook.Jobs\Sharebook.Jobs.csproj", "{E59DF563-5B90-479E-9E08-FA99442EEE13}"
EndProject
Project("{9A19103F-16F7-4668-BE54-9A1E7A4F7556}") = "ShareBook.Infra.Data", "ShareBook.Repository\ShareBook.Infra.Data.csproj", "{4A07DFF3-3909-4081-8495-714179019A08}"
EndProject
Project("{2150E333-8FDC-42A3-9474-1A3956D46DE8}") = "Solution Items", "Solution Items", "{6728E7E5-0D94-4795-9B03-7E6374A19CB8}"
	ProjectSection(SolutionItems) = preProject
		.editorconfig = .editorconfig
	EndProjectSection
EndProject
Global
	GlobalSection(SolutionConfigurationPlatforms) = preSolution
		Debug|Any CPU = Debug|Any CPU
		Release|Any CPU = Release|Any CPU
	EndGlobalSection
	GlobalSection(ProjectConfigurationPlatforms) = postSolution
		{384DB7AC-4918-4ABD-9C12-5F673FFB200D}.Debug|Any CPU.ActiveCfg = Debug|Any CPU
		{384DB7AC-4918-4ABD-9C12-5F673FFB200D}.Debug|Any CPU.Build.0 = Debug|Any CPU
		{384DB7AC-4918-4ABD-9C12-5F673FFB200D}.Release|Any CPU.ActiveCfg = Release|Any CPU
		{384DB7AC-4918-4ABD-9C12-5F673FFB200D}.Release|Any CPU.Build.0 = Release|Any CPU
		{808B5265-CBA4-4A6F-84B4-78833C9C6418}.Debug|Any CPU.ActiveCfg = Debug|Any CPU
		{808B5265-CBA4-4A6F-84B4-78833C9C6418}.Debug|Any CPU.Build.0 = Debug|Any CPU
		{808B5265-CBA4-4A6F-84B4-78833C9C6418}.Release|Any CPU.ActiveCfg = Release|Any CPU
		{808B5265-CBA4-4A6F-84B4-78833C9C6418}.Release|Any CPU.Build.0 = Release|Any CPU
		{D35C529A-4E05-4ED4-ACA9-97BD57AFCF2D}.Debug|Any CPU.ActiveCfg = Debug|Any CPU
		{D35C529A-4E05-4ED4-ACA9-97BD57AFCF2D}.Debug|Any CPU.Build.0 = Debug|Any CPU
		{D35C529A-4E05-4ED4-ACA9-97BD57AFCF2D}.Release|Any CPU.ActiveCfg = Release|Any CPU
		{D35C529A-4E05-4ED4-ACA9-97BD57AFCF2D}.Release|Any CPU.Build.0 = Release|Any CPU
		{B3EB0A49-B7AE-4A6B-9986-A6A9F5776174}.Debug|Any CPU.ActiveCfg = Debug|Any CPU
		{B3EB0A49-B7AE-4A6B-9986-A6A9F5776174}.Debug|Any CPU.Build.0 = Debug|Any CPU
		{B3EB0A49-B7AE-4A6B-9986-A6A9F5776174}.Release|Any CPU.ActiveCfg = Release|Any CPU
		{B3EB0A49-B7AE-4A6B-9986-A6A9F5776174}.Release|Any CPU.Build.0 = Release|Any CPU
		{C05FCFDC-AC50-4941-8195-3283A862A78D}.Debug|Any CPU.ActiveCfg = Debug|Any CPU
		{C05FCFDC-AC50-4941-8195-3283A862A78D}.Debug|Any CPU.Build.0 = Debug|Any CPU
		{C05FCFDC-AC50-4941-8195-3283A862A78D}.Release|Any CPU.ActiveCfg = Release|Any CPU
		{C05FCFDC-AC50-4941-8195-3283A862A78D}.Release|Any CPU.Build.0 = Release|Any CPU
		{F51F1D75-DC21-4B49-AE98-8E1292311D2B}.Debug|Any CPU.ActiveCfg = Debug|Any CPU
		{F51F1D75-DC21-4B49-AE98-8E1292311D2B}.Debug|Any CPU.Build.0 = Debug|Any CPU
		{F51F1D75-DC21-4B49-AE98-8E1292311D2B}.Release|Any CPU.ActiveCfg = Release|Any CPU
		{F51F1D75-DC21-4B49-AE98-8E1292311D2B}.Release|Any CPU.Build.0 = Release|Any CPU
		{E59DF563-5B90-479E-9E08-FA99442EEE13}.Debug|Any CPU.ActiveCfg = Debug|Any CPU
		{E59DF563-5B90-479E-9E08-FA99442EEE13}.Debug|Any CPU.Build.0 = Debug|Any CPU
		{E59DF563-5B90-479E-9E08-FA99442EEE13}.Release|Any CPU.ActiveCfg = Release|Any CPU
		{E59DF563-5B90-479E-9E08-FA99442EEE13}.Release|Any CPU.Build.0 = Release|Any CPU
		{4A07DFF3-3909-4081-8495-714179019A08}.Debug|Any CPU.ActiveCfg = Debug|Any CPU
		{4A07DFF3-3909-4081-8495-714179019A08}.Debug|Any CPU.Build.0 = Debug|Any CPU
		{4A07DFF3-3909-4081-8495-714179019A08}.Release|Any CPU.ActiveCfg = Release|Any CPU
		{4A07DFF3-3909-4081-8495-714179019A08}.Release|Any CPU.Build.0 = Release|Any CPU
	EndGlobalSection
	GlobalSection(SolutionProperties) = preSolution
		HideSolutionNode = FALSE
	EndGlobalSection
	GlobalSection(NestedProjects) = preSolution
		{384DB7AC-4918-4ABD-9C12-5F673FFB200D} = {9BD0B701-8938-47B7-9310-410F72171C27}
		{808B5265-CBA4-4A6F-84B4-78833C9C6418} = {D9F59369-1816-4FAE-B71F-637741B12872}
		{D35C529A-4E05-4ED4-ACA9-97BD57AFCF2D} = {2CB49962-4574-4BFD-93FC-9C8B1D409D37}
		{B3EB0A49-B7AE-4A6B-9986-A6A9F5776174} = {4DC3351F-0B20-4D5E-8727-3730DF7A9B88}
		{C05FCFDC-AC50-4941-8195-3283A862A78D} = {78A450D9-55B2-4D2A-8B3F-CE72C0279B19}
		{F51F1D75-DC21-4B49-AE98-8E1292311D2B} = {F4693E98-387E-4804-A818-FEC59FEDD41C}
		{E59DF563-5B90-479E-9E08-FA99442EEE13} = {CC695E9A-927F-4BCA-B43F-1DD488258B6D}
		{4A07DFF3-3909-4081-8495-714179019A08} = {F4693E98-387E-4804-A818-FEC59FEDD41C}
	EndGlobalSection
	GlobalSection(ExtensibilityGlobals) = postSolution
		SolutionGuid = {FF5BA500-51EA-4DD9-8523-8EE368731B63}
	EndGlobalSection
EndGlobal
