
Microsoft Visual Studio Solution File, Format Version 12.00
# Visual Studio 15
VisualStudioVersion = 15.0.27130.2010
MinimumVisualStudioVersion = 10.0.40219.1
Project("{2150E333-8FDC-42A3-9474-1A3956D46DE8}") = "1-Api", "1-Api", "{9BD0B701-8938-47B7-9310-410F72171C27}"
EndProject
Project("{9A19103F-16F7-4668-BE54-9A1E7A4F7556}") = "ShareBook.Api", "ShareBook.Api\ShareBook.Api.csproj", "{384DB7AC-4918-4ABD-9C12-5F673FFB200D}"
EndProject
Project("{2150E333-8FDC-42A3-9474-1A3956D46DE8}") = "2-Service", "2-Service", "{D9F59369-1816-4FAE-B71F-637741B12872}"
EndProject
Project("{9A19103F-16F7-4668-BE54-9A1E7A4F7556}") = "ShareBook.Service", "ShareBook.Service\ShareBook.Service.csproj", "{808B5265-CBA4-4A6F-84B4-78833C9C6418}"
EndProject
Project("{2150E333-8FDC-42A3-9474-1A3956D46DE8}") = "3-Repository", "3-Repository", "{F4693E98-387E-4804-A818-FEC59FEDD41C}"
EndProject
Project("{9A19103F-16F7-4668-BE54-9A1E7A4F7556}") = "ShareBook.Repository", "ShareBook.Repository\ShareBook.Repository.csproj", "{2C198B09-42B6-4A09-82F7-3A9CD7DD76BE}"
EndProject
Project("{2150E333-8FDC-42A3-9474-1A3956D46DE8}") = "5-Helper", "5-Helper", "{2CB49962-4574-4BFD-93FC-9C8B1D409D37}"
EndProject
Project("{9A19103F-16F7-4668-BE54-9A1E7A4F7556}") = "ShareBook.Helper", "ShareBook.Helper\ShareBook.Helper.csproj", "{D35C529A-4E05-4ED4-ACA9-97BD57AFCF2D}"
EndProject
Project("{2150E333-8FDC-42A3-9474-1A3956D46DE8}") = "6-Tests", "6-Tests", "{4DC3351F-0B20-4D5E-8727-3730DF7A9B88}"
EndProject
Project("{9A19103F-16F7-4668-BE54-9A1E7A4F7556}") = "ShareBook.Test.Unit", "ShareBook.Test.Unit\ShareBook.Test.Unit.csproj", "{B3EB0A49-B7AE-4A6B-9986-A6A9F5776174}"
EndProject
Project("{2150E333-8FDC-42A3-9474-1A3956D46DE8}") = "00 - Domain", "00 - Domain", "{78A450D9-55B2-4D2A-8B3F-CE72C0279B19}"
EndProject
Project("{9A19103F-16F7-4668-BE54-9A1E7A4F7556}") = "ShareBook.Domain", "ShareBook.Domain\ShareBook.Domain.csproj", "{C05FCFDC-AC50-4941-8195-3283A862A78D}"
EndProject
Project("{FAE04EC0-301F-11D3-BF4B-00C04F79EFBC}") = "ShareBook.Test.Integration", "ShareBook.Test.Integration\ShareBook.Test.Integration.csproj", "{42D56CB7-DB32-46EA-B311-BA7843ED6E89}"
EndProject
Global
	GlobalSection(SolutionConfigurationPlatforms) = preSolution
		Debug|Any CPU = Debug|Any CPU
		Release|Any CPU = Release|Any CPU
	EndGlobalSection
	GlobalSection(ProjectConfigurationPlatforms) = postSolution
		{384DB7AC-4918-4ABD-9C12-5F673FFB200D}.Debug|Any CPU.ActiveCfg = Debug|Any CPU
		{384DB7AC-4918-4ABD-9C12-5F673FFB200D}.Debug|Any CPU.Build.0 = Debug|Any CPU
		{384DB7AC-4918-4ABD-9C12-5F673FFB200D}.Release|Any CPU.ActiveCfg = Release|Any CPU
		{384DB7AC-4918-4ABD-9C12-5F673FFB200D}.Release|Any CPU.Build.0 = Release|Any CPU
		{808B5265-CBA4-4A6F-84B4-78833C9C6418}.Debug|Any CPU.ActiveCfg = Debug|Any CPU
		{808B5265-CBA4-4A6F-84B4-78833C9C6418}.Debug|Any CPU.Build.0 = Debug|Any CPU
		{808B5265-CBA4-4A6F-84B4-78833C9C6418}.Release|Any CPU.ActiveCfg = Release|Any CPU
		{808B5265-CBA4-4A6F-84B4-78833C9C6418}.Release|Any CPU.Build.0 = Release|Any CPU
		{2C198B09-42B6-4A09-82F7-3A9CD7DD76BE}.Debug|Any CPU.ActiveCfg = Debug|Any CPU
		{2C198B09-42B6-4A09-82F7-3A9CD7DD76BE}.Debug|Any CPU.Build.0 = Debug|Any CPU
		{2C198B09-42B6-4A09-82F7-3A9CD7DD76BE}.Release|Any CPU.ActiveCfg = Release|Any CPU
		{2C198B09-42B6-4A09-82F7-3A9CD7DD76BE}.Release|Any CPU.Build.0 = Release|Any CPU
		{D35C529A-4E05-4ED4-ACA9-97BD57AFCF2D}.Debug|Any CPU.ActiveCfg = Debug|Any CPU
		{D35C529A-4E05-4ED4-ACA9-97BD57AFCF2D}.Debug|Any CPU.Build.0 = Debug|Any CPU
		{D35C529A-4E05-4ED4-ACA9-97BD57AFCF2D}.Release|Any CPU.ActiveCfg = Release|Any CPU
		{D35C529A-4E05-4ED4-ACA9-97BD57AFCF2D}.Release|Any CPU.Build.0 = Release|Any CPU
		{B3EB0A49-B7AE-4A6B-9986-A6A9F5776174}.Debug|Any CPU.ActiveCfg = Debug|Any CPU
		{B3EB0A49-B7AE-4A6B-9986-A6A9F5776174}.Debug|Any CPU.Build.0 = Debug|Any CPU
		{B3EB0A49-B7AE-4A6B-9986-A6A9F5776174}.Release|Any CPU.ActiveCfg = Release|Any CPU
		{B3EB0A49-B7AE-4A6B-9986-A6A9F5776174}.Release|Any CPU.Build.0 = Release|Any CPU
		{C05FCFDC-AC50-4941-8195-3283A862A78D}.Debug|Any CPU.ActiveCfg = Debug|Any CPU
		{C05FCFDC-AC50-4941-8195-3283A862A78D}.Debug|Any CPU.Build.0 = Debug|Any CPU
		{C05FCFDC-AC50-4941-8195-3283A862A78D}.Release|Any CPU.ActiveCfg = Release|Any CPU
		{C05FCFDC-AC50-4941-8195-3283A862A78D}.Release|Any CPU.Build.0 = Release|Any CPU
		{42D56CB7-DB32-46EA-B311-BA7843ED6E89}.Debug|Any CPU.ActiveCfg = Debug|Any CPU
		{42D56CB7-DB32-46EA-B311-BA7843ED6E89}.Debug|Any CPU.Build.0 = Debug|Any CPU
		{42D56CB7-DB32-46EA-B311-BA7843ED6E89}.Release|Any CPU.ActiveCfg = Release|Any CPU
		{42D56CB7-DB32-46EA-B311-BA7843ED6E89}.Release|Any CPU.Build.0 = Release|Any CPU
	EndGlobalSection
	GlobalSection(SolutionProperties) = preSolution
		HideSolutionNode = FALSE
	EndGlobalSection
	GlobalSection(NestedProjects) = preSolution
		{384DB7AC-4918-4ABD-9C12-5F673FFB200D} = {9BD0B701-8938-47B7-9310-410F72171C27}
		{808B5265-CBA4-4A6F-84B4-78833C9C6418} = {D9F59369-1816-4FAE-B71F-637741B12872}
		{2C198B09-42B6-4A09-82F7-3A9CD7DD76BE} = {F4693E98-387E-4804-A818-FEC59FEDD41C}
		{2CB49962-4574-4BFD-93FC-9C8B1D409D37} = {F4693E98-387E-4804-A818-FEC59FEDD41C}
		{D35C529A-4E05-4ED4-ACA9-97BD57AFCF2D} = {2CB49962-4574-4BFD-93FC-9C8B1D409D37}
		{B3EB0A49-B7AE-4A6B-9986-A6A9F5776174} = {4DC3351F-0B20-4D5E-8727-3730DF7A9B88}
		{C05FCFDC-AC50-4941-8195-3283A862A78D} = {78A450D9-55B2-4D2A-8B3F-CE72C0279B19}
		{42D56CB7-DB32-46EA-B311-BA7843ED6E89} = {4DC3351F-0B20-4D5E-8727-3730DF7A9B88}
	EndGlobalSection
	GlobalSection(ExtensibilityGlobals) = postSolution
		SolutionGuid = {FF5BA500-51EA-4DD9-8523-8EE368731B63}
	EndGlobalSection
EndGlobal
